// !$*UTF8*$!
{
	archiveVersion = 1;
	classes = {
	};
	objectVersion = 56;
	objects = {

/* Begin PBXBuildFile section */
		2A2D9FC12C57E4CD004A9053 /* AezakmiTestApp.swift in Sources */ = {isa = PBXBuildFile; fileRef = 2A2D9FC02C57E4CD004A9053 /* AezakmiTestApp.swift */; };
		2A2D9FC32C57E4CD004A9053 /* ContentView.swift in Sources */ = {isa = PBXBuildFile; fileRef = 2A2D9FC22C57E4CD004A9053 /* ContentView.swift */; };
		2A2D9FC52C57E4D0004A9053 /* Assets.xcassets in Resources */ = {isa = PBXBuildFile; fileRef = 2A2D9FC42C57E4D0004A9053 /* Assets.xcassets */; };
		2A2D9FC82C57E4D0004A9053 /* Preview Assets.xcassets in Resources */ = {isa = PBXBuildFile; fileRef = 2A2D9FC72C57E4D0004A9053 /* Preview Assets.xcassets */; };
		2A2D9FD22C57F842004A9053 /* FirebaseAuth in Frameworks */ = {isa = PBXBuildFile; productRef = 2A2D9FD12C57F842004A9053 /* FirebaseAuth */; };
		2A2D9FD52C57FA41004A9053 /* GoogleSignIn in Frameworks */ = {isa = PBXBuildFile; productRef = 2A2D9FD42C57FA41004A9053 /* GoogleSignIn */; };
		2A2D9FD72C57FA41004A9053 /* GoogleSignInSwift in Frameworks */ = {isa = PBXBuildFile; productRef = 2A2D9FD62C57FA41004A9053 /* GoogleSignInSwift */; };
		2A2D9FD92C57FBE4004A9053 /* GoogleService-Info.plist in Resources */ = {isa = PBXBuildFile; fileRef = 2A2D9FD82C57FBE4004A9053 /* GoogleService-Info.plist */; };
		2A2D9FDC2C57FCC3004A9053 /* AppDelegate.swift in Sources */ = {isa = PBXBuildFile; fileRef = 2A2D9FDB2C57FCC3004A9053 /* AppDelegate.swift */; };
/* End PBXBuildFile section */

/* Begin PBXFileReference section */
		2A2D9FBD2C57E4CD004A9053 /* AezakmiTest.app */ = {isa = PBXFileReference; explicitFileType = wrapper.application; includeInIndex = 0; path = AezakmiTest.app; sourceTree = BUILT_PRODUCTS_DIR; };
		2A2D9FC02C57E4CD004A9053 /* AezakmiTestApp.swift */ = {isa = PBXFileReference; lastKnownFileType = sourcecode.swift; path = AezakmiTestApp.swift; sourceTree = "<group>"; };
		2A2D9FC22C57E4CD004A9053 /* ContentView.swift */ = {isa = PBXFileReference; lastKnownFileType = sourcecode.swift; path = ContentView.swift; sourceTree = "<group>"; };
		2A2D9FC42C57E4D0004A9053 /* Assets.xcassets */ = {isa = PBXFileReference; lastKnownFileType = folder.assetcatalog; path = Assets.xcassets; sourceTree = "<group>"; };
		2A2D9FC72C57E4D0004A9053 /* Preview Assets.xcassets */ = {isa = PBXFileReference; lastKnownFileType = folder.assetcatalog; path = "Preview Assets.xcassets"; sourceTree = "<group>"; };
		2A2D9FD82C57FBE4004A9053 /* GoogleService-Info.plist */ = {isa = PBXFileReference; fileEncoding = 4; lastKnownFileType = text.plist.xml; path = "GoogleService-Info.plist"; sourceTree = "<group>"; };
		2A2D9FDA2C57FC5A004A9053 /* Info.plist */ = {isa = PBXFileReference; lastKnownFileType = text.plist; path = Info.plist; sourceTree = "<group>"; };
		2A2D9FDB2C57FCC3004A9053 /* AppDelegate.swift */ = {isa = PBXFileReference; lastKnownFileType = sourcecode.swift; path = AppDelegate.swift; sourceTree = "<group>"; };
/* End PBXFileReference section */

/* Begin PBXFrameworksBuildPhase section */
		2A2D9FBA2C57E4CD004A9053 /* Frameworks */ = {
			isa = PBXFrameworksBuildPhase;
			buildActionMask = 2147483647;
			files = (
				2A2D9FD72C57FA41004A9053 /* GoogleSignInSwift in Frameworks */,
				2A2D9FD22C57F842004A9053 /* FirebaseAuth in Frameworks */,
				2A2D9FD52C57FA41004A9053 /* GoogleSignIn in Frameworks */,
			);
			runOnlyForDeploymentPostprocessing = 0;
		};
/* End PBXFrameworksBuildPhase section */

/* Begin PBXGroup section */
		2A2D9FB42C57E4CD004A9053 = {
			isa = PBXGroup;
			children = (
				2A2D9FBF2C57E4CD004A9053 /* AezakmiTest */,
				2A2D9FBE2C57E4CD004A9053 /* Products */,
			);
			sourceTree = "<group>";
		};
		2A2D9FBE2C57E4CD004A9053 /* Products */ = {
			isa = PBXGroup;
			children = (
				2A2D9FBD2C57E4CD004A9053 /* AezakmiTest.app */,
			);
			name = Products;
			sourceTree = "<group>";
		};
		2A2D9FBF2C57E4CD004A9053 /* AezakmiTest */ = {
			isa = PBXGroup;
			children = (
				2A2D9FDA2C57FC5A004A9053 /* Info.plist */,
				2A2D9FD82C57FBE4004A9053 /* GoogleService-Info.plist */,
				2A2D9FC02C57E4CD004A9053 /* AezakmiTestApp.swift */,
				2A2D9FC22C57E4CD004A9053 /* ContentView.swift */,
				2A2D9FC42C57E4D0004A9053 /* Assets.xcassets */,
				2A2D9FC62C57E4D0004A9053 /* Preview Content */,
				2A2D9FDB2C57FCC3004A9053 /* AppDelegate.swift */,
			);
			path = AezakmiTest;
			sourceTree = "<group>";
		};
		2A2D9FC62C57E4D0004A9053 /* Preview Content */ = {
			isa = PBXGroup;
			children = (
				2A2D9FC72C57E4D0004A9053 /* Preview Assets.xcassets */,
			);
			path = "Preview Content";
			sourceTree = "<group>";
		};
/* End PBXGroup section */

/* Begin PBXNativeTarget section */
		2A2D9FBC2C57E4CD004A9053 /* AezakmiTest */ = {
			isa = PBXNativeTarget;
			buildConfigurationList = 2A2D9FCB2C57E4D0004A9053 /* Build configuration list for PBXNativeTarget "AezakmiTest" */;
			buildPhases = (
				2A2D9FB92C57E4CD004A9053 /* Sources */,
				2A2D9FBA2C57E4CD004A9053 /* Frameworks */,
				2A2D9FBB2C57E4CD004A9053 /* Resources */,
			);
			buildRules = (
			);
			dependencies = (
			);
			name = AezakmiTest;
			packageProductDependencies = (
				2A2D9FD12C57F842004A9053 /* FirebaseAuth */,
				2A2D9FD42C57FA41004A9053 /* GoogleSignIn */,
				2A2D9FD62C57FA41004A9053 /* GoogleSignInSwift */,
			);
			productName = AezakmiTest;
			productReference = 2A2D9FBD2C57E4CD004A9053 /* AezakmiTest.app */;
			productType = "com.apple.product-type.application";
		};
/* End PBXNativeTarget section */

/* Begin PBXProject section */
		2A2D9FB52C57E4CD004A9053 /* Project object */ = {
			isa = PBXProject;
			attributes = {
				BuildIndependentTargetsInParallel = 1;
				LastSwiftUpdateCheck = 1540;
				LastUpgradeCheck = 1540;
				TargetAttributes = {
					2A2D9FBC2C57E4CD004A9053 = {
						CreatedOnToolsVersion = 15.4;
					};
				};
			};
			buildConfigurationList = 2A2D9FB82C57E4CD004A9053 /* Build configuration list for PBXProject "AezakmiTest" */;
			compatibilityVersion = "Xcode 14.0";
			developmentRegion = en;
			hasScannedForEncodings = 0;
			knownRegions = (
				en,
				Base,
			);
			mainGroup = 2A2D9FB42C57E4CD004A9053;
			packageReferences = (
				2A2D9FD02C57F842004A9053 /* XCRemoteSwiftPackageReference "firebase-ios-sdk" */,
				2A2D9FD32C57FA41004A9053 /* XCRemoteSwiftPackageReference "GoogleSignIn-iOS" */,
			);
			productRefGroup = 2A2D9FBE2C57E4CD004A9053 /* Products */;
			projectDirPath = "";
			projectRoot = "";
			targets = (
				2A2D9FBC2C57E4CD004A9053 /* AezakmiTest */,
			);
		};
/* End PBXProject section */

/* Begin PBXResourcesBuildPhase section */
		2A2D9FBB2C57E4CD004A9053 /* Resources */ = {
			isa = PBXResourcesBuildPhase;
			buildActionMask = 2147483647;
			files = (
				2A2D9FC82C57E4D0004A9053 /* Preview Assets.xcassets in Resources */,
				2A2D9FC52C57E4D0004A9053 /* Assets.xcassets in Resources */,
				2A2D9FD92C57FBE4004A9053 /* GoogleService-Info.plist in Resources */,
			);
			runOnlyForDeploymentPostprocessing = 0;
		};
/* End PBXResourcesBuildPhase section */

/* Begin PBXSourcesBuildPhase section */
		2A2D9FB92C57E4CD004A9053 /* Sources */ = {
			isa = PBXSourcesBuildPhase;
			buildActionMask = 2147483647;
			files = (
				2A2D9FDC2C57FCC3004A9053 /* AppDelegate.swift in Sources */,
				2A2D9FC32C57E4CD004A9053 /* ContentView.swift in Sources */,
				2A2D9FC12C57E4CD004A9053 /* AezakmiTestApp.swift in Sources */,
			);
			runOnlyForDeploymentPostprocessing = 0;
		};
/* End PBXSourcesBuildPhase section */

/* Begin XCBuildConfiguration section */
		2A2D9FC92C57E4D0004A9053 /* Debug */ = {
			isa = XCBuildConfiguration;
			buildSettings = {
				ALWAYS_SEARCH_USER_PATHS = NO;
				ASSETCATALOG_COMPILER_GENERATE_SWIFT_ASSET_SYMBOL_EXTENSIONS = YES;
				CLANG_ANALYZER_NONNULL = YES;
				CLANG_ANALYZER_NUMBER_OBJECT_CONVERSION = YES_AGGRESSIVE;
				CLANG_CXX_LANGUAGE_STANDARD = "gnu++20";
				CLANG_ENABLE_MODULES = YES;
				CLANG_ENABLE_OBJC_ARC = YES;
				CLANG_ENABLE_OBJC_WEAK = YES;
				CLANG_WARN_BLOCK_CAPTURE_AUTORELEASING = YES;
				CLANG_WARN_BOOL_CONVERSION = YES;
				CLANG_WARN_COMMA = YES;
				CLANG_WARN_CONSTANT_CONVERSION = YES;
				CLANG_WARN_DEPRECATED_OBJC_IMPLEMENTATIONS = YES;
				CLANG_WARN_DIRECT_OBJC_ISA_USAGE = YES_ERROR;
				CLANG_WARN_DOCUMENTATION_COMMENTS = YES;
				CLANG_WARN_EMPTY_BODY = YES;
				CLANG_WARN_ENUM_CONVERSION = YES;
				CLANG_WARN_INFINITE_RECURSION = YES;
				CLANG_WARN_INT_CONVERSION = YES;
				CLANG_WARN_NON_LITERAL_NULL_CONVERSION = YES;
				CLANG_WARN_OBJC_IMPLICIT_RETAIN_SELF = YES;
				CLANG_WARN_OBJC_LITERAL_CONVERSION = YES;
				CLANG_WARN_OBJC_ROOT_CLASS = YES_ERROR;
				CLANG_WARN_QUOTED_INCLUDE_IN_FRAMEWORK_HEADER = YES;
				CLANG_WARN_RANGE_LOOP_ANALYSIS = YES;
				CLANG_WARN_STRICT_PROTOTYPES = YES;
				CLANG_WARN_SUSPICIOUS_MOVE = YES;
				CLANG_WARN_UNGUARDED_AVAILABILITY = YES_AGGRESSIVE;
				CLANG_WARN_UNREACHABLE_CODE = YES;
				CLANG_WARN__DUPLICATE_METHOD_MATCH = YES;
				COPY_PHASE_STRIP = NO;
				DEBUG_INFORMATION_FORMAT = dwarf;
				ENABLE_STRICT_OBJC_MSGSEND = YES;
				ENABLE_TESTABILITY = YES;
				ENABLE_USER_SCRIPT_SANDBOXING = YES;
				GCC_C_LANGUAGE_STANDARD = gnu17;
				GCC_DYNAMIC_NO_PIC = NO;
				GCC_NO_COMMON_BLOCKS = YES;
				GCC_OPTIMIZATION_LEVEL = 0;
				GCC_PREPROCESSOR_DEFINITIONS = (
					"DEBUG=1",
					"$(inherited)",
				);
				GCC_WARN_64_TO_32_BIT_CONVERSION = YES;
				GCC_WARN_ABOUT_RETURN_TYPE = YES_ERROR;
				GCC_WARN_UNDECLARED_SELECTOR = YES;
				GCC_WARN_UNINITIALIZED_AUTOS = YES_AGGRESSIVE;
				GCC_WARN_UNUSED_FUNCTION = YES;
				GCC_WARN_UNUSED_VARIABLE = YES;
				IPHONEOS_DEPLOYMENT_TARGET = 16.0;
				LOCALIZATION_PREFERS_STRING_CATALOGS = YES;
				MTL_ENABLE_DEBUG_INFO = INCLUDE_SOURCE;
				MTL_FAST_MATH = YES;
				ONLY_ACTIVE_ARCH = YES;
				SDKROOT = iphoneos;
				SWIFT_ACTIVE_COMPILATION_CONDITIONS = "DEBUG $(inherited)";
				SWIFT_OPTIMIZATION_LEVEL = "-Onone";
			};
			name = Debug;
		};
		2A2D9FCA2C57E4D0004A9053 /* Release */ = {
			isa = XCBuildConfiguration;
			buildSettings = {
				ALWAYS_SEARCH_USER_PATHS = NO;
				ASSETCATALOG_COMPILER_GENERATE_SWIFT_ASSET_SYMBOL_EXTENSIONS = YES;
				CLANG_ANALYZER_NONNULL = YES;
				CLANG_ANALYZER_NUMBER_OBJECT_CONVERSION = YES_AGGRESSIVE;
				CLANG_CXX_LANGUAGE_STANDARD = "gnu++20";
				CLANG_ENABLE_MODULES = YES;
				CLANG_ENABLE_OBJC_ARC = YES;
				CLANG_ENABLE_OBJC_WEAK = YES;
				CLANG_WARN_BLOCK_CAPTURE_AUTORELEASING = YES;
				CLANG_WARN_BOOL_CONVERSION = YES;
				CLANG_WARN_COMMA = YES;
				CLANG_WARN_CONSTANT_CONVERSION = YES;
				CLANG_WARN_DEPRECATED_OBJC_IMPLEMENTATIONS = YES;
				CLANG_WARN_DIRECT_OBJC_ISA_USAGE = YES_ERROR;
				CLANG_WARN_DOCUMENTATION_COMMENTS = YES;
				CLANG_WARN_EMPTY_BODY = YES;
				CLANG_WARN_ENUM_CONVERSION = YES;
				CLANG_WARN_INFINITE_RECURSION = YES;
				CLANG_WARN_INT_CONVERSION = YES;
				CLANG_WARN_NON_LITERAL_NULL_CONVERSION = YES;
				CLANG_WARN_OBJC_IMPLICIT_RETAIN_SELF = YES;
				CLANG_WARN_OBJC_LITERAL_CONVERSION = YES;
				CLANG_WARN_OBJC_ROOT_CLASS = YES_ERROR;
				CLANG_WARN_QUOTED_INCLUDE_IN_FRAMEWORK_HEADER = YES;
				CLANG_WARN_RANGE_LOOP_ANALYSIS = YES;
				CLANG_WARN_STRICT_PROTOTYPES = YES;
				CLANG_WARN_SUSPICIOUS_MOVE = YES;
				CLANG_WARN_UNGUARDED_AVAILABILITY = YES_AGGRESSIVE;
				CLANG_WARN_UNREACHABLE_CODE = YES;
				CLANG_WARN__DUPLICATE_METHOD_MATCH = YES;
				COPY_PHASE_STRIP = NO;
				DEBUG_INFORMATION_FORMAT = "dwarf-with-dsym";
				ENABLE_NS_ASSERTIONS = NO;
				ENABLE_STRICT_OBJC_MSGSEND = YES;
				ENABLE_USER_SCRIPT_SANDBOXING = YES;
				GCC_C_LANGUAGE_STANDARD = gnu17;
				GCC_NO_COMMON_BLOCKS = YES;
				GCC_WARN_64_TO_32_BIT_CONVERSION = YES;
				GCC_WARN_ABOUT_RETURN_TYPE = YES_ERROR;
				GCC_WARN_UNDECLARED_SELECTOR = YES;
				GCC_WARN_UNINITIALIZED_AUTOS = YES_AGGRESSIVE;
				GCC_WARN_UNUSED_FUNCTION = YES;
				GCC_WARN_UNUSED_VARIABLE = YES;
				IPHONEOS_DEPLOYMENT_TARGET = 16.0;
				LOCALIZATION_PREFERS_STRING_CATALOGS = YES;
				MTL_ENABLE_DEBUG_INFO = NO;
				MTL_FAST_MATH = YES;
				SDKROOT = iphoneos;
				SWIFT_COMPILATION_MODE = wholemodule;
				VALIDATE_PRODUCT = YES;
			};
			name = Release;
		};
		2A2D9FCC2C57E4D0004A9053 /* Debug */ = {
			isa = XCBuildConfiguration;
			buildSettings = {
				ASSETCATALOG_COMPILER_APPICON_NAME = AppIcon;
				ASSETCATALOG_COMPILER_GLOBAL_ACCENT_COLOR_NAME = AccentColor;
				CODE_SIGN_STYLE = Automatic;
				CURRENT_PROJECT_VERSION = 1;
				DEVELOPMENT_ASSET_PATHS = "\"AezakmiTest/Preview Content\"";
				DEVELOPMENT_TEAM = 7R6YYPUZFH;
				ENABLE_PREVIEWS = YES;
				GENERATE_INFOPLIST_FILE = YES;
				INFOPLIST_FILE = AezakmiTest/Info.plist;
				INFOPLIST_KEY_UIApplicationSceneManifest_Generation = YES;
				INFOPLIST_KEY_UIApplicationSupportsIndirectInputEvents = YES;
				INFOPLIST_KEY_UILaunchScreen_Generation = YES;
				INFOPLIST_KEY_UISupportedInterfaceOrientations_iPad = "UIInterfaceOrientationPortrait UIInterfaceOrientationPortraitUpsideDown UIInterfaceOrientationLandscapeLeft UIInterfaceOrientationLandscapeRight";
				INFOPLIST_KEY_UISupportedInterfaceOrientations_iPhone = "UIInterfaceOrientationPortrait UIInterfaceOrientationLandscapeLeft UIInterfaceOrientationLandscapeRight";
				IPHONEOS_DEPLOYMENT_TARGET = 16.0;
				LD_RUNPATH_SEARCH_PATHS = (
					"$(inherited)",
					"@executable_path/Frameworks",
				);
				MARKETING_VERSION = 1.0;
				PRODUCT_BUNDLE_IDENTIFIER = com.AezakmiTest1;
				PRODUCT_NAME = "$(TARGET_NAME)";
				SWIFT_EMIT_LOC_STRINGS = YES;
				SWIFT_VERSION = 5.0;
				TARGETED_DEVICE_FAMILY = "1,2";
			};
			name = Debug;
		};
		2A2D9FCD2C57E4D0004A9053 /* Release */ = {
			isa = XCBuildConfiguration;
			buildSettings = {
				ASSETCATALOG_COMPILER_APPICON_NAME = AppIcon;
				ASSETCATALOG_COMPILER_GLOBAL_ACCENT_COLOR_NAME = AccentColor;
				CODE_SIGN_STYLE = Automatic;
				CURRENT_PROJECT_VERSION = 1;
				DEVELOPMENT_ASSET_PATHS = "\"AezakmiTest/Preview Content\"";
				DEVELOPMENT_TEAM = 7R6YYPUZFH;
				ENABLE_PREVIEWS = YES;
				GENERATE_INFOPLIST_FILE = YES;
				INFOPLIST_FILE = AezakmiTest/Info.plist;
				INFOPLIST_KEY_UIApplicationSceneManifest_Generation = YES;
				INFOPLIST_KEY_UIApplicationSupportsIndirectInputEvents = YES;
				INFOPLIST_KEY_UILaunchScreen_Generation = YES;
				INFOPLIST_KEY_UISupportedInterfaceOrientations_iPad = "UIInterfaceOrientationPortrait UIInterfaceOrientationPortraitUpsideDown UIInterfaceOrientationLandscapeLeft UIInterfaceOrientationLandscapeRight";
				INFOPLIST_KEY_UISupportedInterfaceOrientations_iPhone = "UIInterfaceOrientationPortrait UIInterfaceOrientationLandscapeLeft UIInterfaceOrientationLandscapeRight";
				IPHONEOS_DEPLOYMENT_TARGET = 16.0;
				LD_RUNPATH_SEARCH_PATHS = (
					"$(inherited)",
					"@executable_path/Frameworks",
				);
				MARKETING_VERSION = 1.0;
				PRODUCT_BUNDLE_IDENTIFIER = com.AezakmiTest1;
				PRODUCT_NAME = "$(TARGET_NAME)";
				SWIFT_EMIT_LOC_STRINGS = YES;
				SWIFT_VERSION = 5.0;
				TARGETED_DEVICE_FAMILY = "1,2";
			};
			name = Release;
		};
/* End XCBuildConfiguration section */

/* Begin XCConfigurationList section */
		2A2D9FB82C57E4CD004A9053 /* Build configuration list for PBXProject "AezakmiTest" */ = {
			isa = XCConfigurationList;
			buildConfigurations = (
				2A2D9FC92C57E4D0004A9053 /* Debug */,
				2A2D9FCA2C57E4D0004A9053 /* Release */,
			);
			defaultConfigurationIsVisible = 0;
			defaultConfigurationName = Release;
		};
		2A2D9FCB2C57E4D0004A9053 /* Build configuration list for PBXNativeTarget "AezakmiTest" */ = {
			isa = XCConfigurationList;
			buildConfigurations = (
				2A2D9FCC2C57E4D0004A9053 /* Debug */,
				2A2D9FCD2C57E4D0004A9053 /* Release */,
			);
			defaultConfigurationIsVisible = 0;
			defaultConfigurationName = Release;
		};
/* End XCConfigurationList section */

/* Begin XCRemoteSwiftPackageReference section */
		2A2D9FD02C57F842004A9053 /* XCRemoteSwiftPackageReference "firebase-ios-sdk" */ = {
			isa = XCRemoteSwiftPackageReference;
			repositoryURL = "https://github.com/firebase/firebase-ios-sdk";
			requirement = {
				kind = upToNextMajorVersion;
				minimumVersion = 10.29.0;
			};
		};
		2A2D9FD32C57FA41004A9053 /* XCRemoteSwiftPackageReference "GoogleSignIn-iOS" */ = {
			isa = XCRemoteSwiftPackageReference;
			repositoryURL = "https://github.com/google/GoogleSignIn-iOS.git";
			requirement = {
				kind = upToNextMajorVersion;
				minimumVersion = 7.1.0;
			};
		};
/* End XCRemoteSwiftPackageReference section */

/* Begin XCSwiftPackageProductDependency section */
		2A2D9FD12C57F842004A9053 /* FirebaseAuth */ = {
			isa = XCSwiftPackageProductDependency;
			package = 2A2D9FD02C57F842004A9053 /* XCRemoteSwiftPackageReference "firebase-ios-sdk" */;
			productName = FirebaseAuth;
		};
		2A2D9FD42C57FA41004A9053 /* GoogleSignIn */ = {
			isa = XCSwiftPackageProductDependency;
			package = 2A2D9FD32C57FA41004A9053 /* XCRemoteSwiftPackageReference "GoogleSignIn-iOS" */;
			productName = GoogleSignIn;
		};
		2A2D9FD62C57FA41004A9053 /* GoogleSignInSwift */ = {
			isa = XCSwiftPackageProductDependency;
			package = 2A2D9FD32C57FA41004A9053 /* XCRemoteSwiftPackageReference "GoogleSignIn-iOS" */;
			productName = GoogleSignInSwift;
		};
/* End XCSwiftPackageProductDependency section */
	};
	rootObject = 2A2D9FB52C57E4CD004A9053 /* Project object */;
}
